// !$*UTF8*$!
{
	archiveVersion = 1;
	classes = {
	};
	objectVersion = 56;
	objects = {

/* Begin PBXBuildFile section */
		9E0259192AE98A89004240E8 /* PatternDesingCreational.swift in Sources */ = {isa = PBXBuildFile; fileRef = 9E0259182AE98A89004240E8 /* PatternDesingCreational.swift */; };
		9E02591C2AE9966C004240E8 /* AbstractMethodViewController.swift in Sources */ = {isa = PBXBuildFile; fileRef = 9E02591B2AE9966C004240E8 /* AbstractMethodViewController.swift */; };
		9E02591E2AE99BBC004240E8 /* AbstractMethod.storyboard in Resources */ = {isa = PBXBuildFile; fileRef = 9E02591D2AE99BBC004240E8 /* AbstractMethod.storyboard */; };
		9E0259212AE99C96004240E8 /* BuilderViewController.swift in Sources */ = {isa = PBXBuildFile; fileRef = 9E0259202AE99C96004240E8 /* BuilderViewController.swift */; };
		9E0259232AE99CA1004240E8 /* Builder.storyboard in Resources */ = {isa = PBXBuildFile; fileRef = 9E0259222AE99CA1004240E8 /* Builder.storyboard */; };
		9E36C6062AF5F4520056A4B2 /* Comportamiento.storyboard in Resources */ = {isa = PBXBuildFile; fileRef = 9E36C6052AF5F4520056A4B2 /* Comportamiento.storyboard */; };
		9E36C6082AF5F6660056A4B2 /* ModelComportamiento.swift in Sources */ = {isa = PBXBuildFile; fileRef = 9E36C6072AF5F6660056A4B2 /* ModelComportamiento.swift */; };
		9E36C60C2AF5F8A20056A4B2 /* ChainOfResponsabilityViewController.swift in Sources */ = {isa = PBXBuildFile; fileRef = 9E36C60B2AF5F8A20056A4B2 /* ChainOfResponsabilityViewController.swift */; };
		9E36C60E2AF5F8AA0056A4B2 /* ChainOfResponsability.storyboard in Resources */ = {isa = PBXBuildFile; fileRef = 9E36C60D2AF5F8AA0056A4B2 /* ChainOfResponsability.storyboard */; };
		9E36C6112AF5F8BF0056A4B2 /* Command.storyboard in Resources */ = {isa = PBXBuildFile; fileRef = 9E36C6102AF5F8BF0056A4B2 /* Command.storyboard */; };
		9E36C6132AF5F8C70056A4B2 /* CommandViewController.swift in Sources */ = {isa = PBXBuildFile; fileRef = 9E36C6122AF5F8C70056A4B2 /* CommandViewController.swift */; };
		9E36C6162AF5F9290056A4B2 /* InterpreterViewController.swift in Sources */ = {isa = PBXBuildFile; fileRef = 9E36C6152AF5F9290056A4B2 /* InterpreterViewController.swift */; };
		9E36C6182AF5F92F0056A4B2 /* Interpreter.storyboard in Resources */ = {isa = PBXBuildFile; fileRef = 9E36C6172AF5F92F0056A4B2 /* Interpreter.storyboard */; };
		9E36C61B2AF5F9900056A4B2 /* Visitor.storyboard in Resources */ = {isa = PBXBuildFile; fileRef = 9E36C61A2AF5F9900056A4B2 /* Visitor.storyboard */; };
		9E36C61D2AF5F9970056A4B2 /* VisitorViewController.swift in Sources */ = {isa = PBXBuildFile; fileRef = 9E36C61C2AF5F9970056A4B2 /* VisitorViewController.swift */; };
		9E36C6202AF5F9B40056A4B2 /* TemplateMethodViewController.swift in Sources */ = {isa = PBXBuildFile; fileRef = 9E36C61F2AF5F9B40056A4B2 /* TemplateMethodViewController.swift */; };
		9E36C6222AF5F9C70056A4B2 /* TemplateMethod.storyboard in Resources */ = {isa = PBXBuildFile; fileRef = 9E36C6212AF5F9C70056A4B2 /* TemplateMethod.storyboard */; };
		9E36C6242AF5F9E20056A4B2 /* Strategy.storyboard in Resources */ = {isa = PBXBuildFile; fileRef = 9E36C6232AF5F9E20056A4B2 /* Strategy.storyboard */; };
		9E36C6272AF5F9FD0056A4B2 /* StrategyViewController.swift in Sources */ = {isa = PBXBuildFile; fileRef = 9E36C6262AF5F9FD0056A4B2 /* StrategyViewController.swift */; };
		9E36C62A2AF5FA110056A4B2 /* StateViewController.swift in Sources */ = {isa = PBXBuildFile; fileRef = 9E36C6292AF5FA110056A4B2 /* StateViewController.swift */; };
		9E36C62C2AF5FA1B0056A4B2 /* State.storyboard in Resources */ = {isa = PBXBuildFile; fileRef = 9E36C62B2AF5FA1B0056A4B2 /* State.storyboard */; };
		9E36C62F2AF5FA320056A4B2 /* Observer.storyboard in Resources */ = {isa = PBXBuildFile; fileRef = 9E36C62E2AF5FA320056A4B2 /* Observer.storyboard */; };
		9E36C6312AF5FA3D0056A4B2 /* ObserverViewController.swift in Sources */ = {isa = PBXBuildFile; fileRef = 9E36C6302AF5FA3D0056A4B2 /* ObserverViewController.swift */; };
		9E36C6342AF5FA5B0056A4B2 /* MementoViewController.swift in Sources */ = {isa = PBXBuildFile; fileRef = 9E36C6332AF5FA5B0056A4B2 /* MementoViewController.swift */; };
		9E36C6362AF5FA610056A4B2 /* Memento.storyboard in Resources */ = {isa = PBXBuildFile; fileRef = 9E36C6352AF5FA610056A4B2 /* Memento.storyboard */; };
		9E36C6392AF5FA990056A4B2 /* Mediator.storyboard in Resources */ = {isa = PBXBuildFile; fileRef = 9E36C6382AF5FA990056A4B2 /* Mediator.storyboard */; };
		9E36C63B2AF5FAA10056A4B2 /* MediatorViewController.swift in Sources */ = {isa = PBXBuildFile; fileRef = 9E36C63A2AF5FAA10056A4B2 /* MediatorViewController.swift */; };
		9E36C63E2AF5FBC90056A4B2 /* IteractorViewController.swift in Sources */ = {isa = PBXBuildFile; fileRef = 9E36C63D2AF5FBC90056A4B2 /* IteractorViewController.swift */; };
		9E36C6402AF5FBD00056A4B2 /* Iteractor.storyboard in Resources */ = {isa = PBXBuildFile; fileRef = 9E36C63F2AF5FBD00056A4B2 /* Iteractor.storyboard */; };
		9E36C6422AF5FCAC0056A4B2 /* CoordinatorPatter.swift in Sources */ = {isa = PBXBuildFile; fileRef = 9E36C6412AF5FCAC0056A4B2 /* CoordinatorPatter.swift */; };
		9E5CE3142ABC084200425AFD /* FactoryMethodViewController.swift in Sources */ = {isa = PBXBuildFile; fileRef = 9E5CE3132ABC084200425AFD /* FactoryMethodViewController.swift */; };
		9EB512962AE9D3BD000D9221 /* PrototypeViewController.swift in Sources */ = {isa = PBXBuildFile; fileRef = 9EB512952AE9D3BD000D9221 /* PrototypeViewController.swift */; };
		9EB512982AE9D3C9000D9221 /* Prototype.storyboard in Resources */ = {isa = PBXBuildFile; fileRef = 9EB512972AE9D3C9000D9221 /* Prototype.storyboard */; };
		9EB5129B2AE9D51F000D9221 /* SingletonViewController.swift in Sources */ = {isa = PBXBuildFile; fileRef = 9EB5129A2AE9D51F000D9221 /* SingletonViewController.swift */; };
		9EB5129D2AE9D529000D9221 /* Singleton.storyboard in Resources */ = {isa = PBXBuildFile; fileRef = 9EB5129C2AE9D529000D9221 /* Singleton.storyboard */; };
		9EBF18D32AF22F430014547E /* ModelEstructural.swift in Sources */ = {isa = PBXBuildFile; fileRef = 9EBF18D22AF22F430014547E /* ModelEstructural.swift */; };
		9EBF18D62AF2AA2E0014547E /* Estructural.storyboard in Resources */ = {isa = PBXBuildFile; fileRef = 9EBF18D52AF2AA2E0014547E /* Estructural.storyboard */; };
		9EBF18D82AF2ABA20014547E /* enumHelper.swift in Sources */ = {isa = PBXBuildFile; fileRef = 9EBF18D72AF2ABA20014547E /* enumHelper.swift */; };
		9EBF18E32AF2D04E0014547E /* Adapter.storyboard in Resources */ = {isa = PBXBuildFile; fileRef = 9EBF18E22AF2D04E0014547E /* Adapter.storyboard */; };
		9EBF18E52AF2D0720014547E /* AdapterViewController.swift in Sources */ = {isa = PBXBuildFile; fileRef = 9EBF18E42AF2D0720014547E /* AdapterViewController.swift */; };
		9EBF18E82AF2E1C10014547E /* BridgeViewController.swift in Sources */ = {isa = PBXBuildFile; fileRef = 9EBF18E72AF2E1C10014547E /* BridgeViewController.swift */; };
		9EBF18EA2AF2E1E30014547E /* Bridge.storyboard in Resources */ = {isa = PBXBuildFile; fileRef = 9EBF18E92AF2E1E30014547E /* Bridge.storyboard */; };
		9EBF18EC2AF2E2540014547E /* Composite.storyboard in Resources */ = {isa = PBXBuildFile; fileRef = 9EBF18EB2AF2E2540014547E /* Composite.storyboard */; };
		9EBF18EE2AF2E25D0014547E /* CompositeViewController.swift in Sources */ = {isa = PBXBuildFile; fileRef = 9EBF18ED2AF2E25D0014547E /* CompositeViewController.swift */; };
		9EBF18F02AF2E3110014547E /* DecoratorViewController.swift in Sources */ = {isa = PBXBuildFile; fileRef = 9EBF18EF2AF2E3110014547E /* DecoratorViewController.swift */; };
		9EBF18F22AF2E31A0014547E /* Decorator.storyboard in Resources */ = {isa = PBXBuildFile; fileRef = 9EBF18F12AF2E31A0014547E /* Decorator.storyboard */; };
		9EBF18F42AF2E3280014547E /* Facade.storyboard in Resources */ = {isa = PBXBuildFile; fileRef = 9EBF18F32AF2E3280014547E /* Facade.storyboard */; };
		9EBF18F62AF2E3310014547E /* FacadeViewController.swift in Sources */ = {isa = PBXBuildFile; fileRef = 9EBF18F52AF2E3310014547E /* FacadeViewController.swift */; };
		9EBF18F82AF2E3430014547E /* FlywightViewController.swift in Sources */ = {isa = PBXBuildFile; fileRef = 9EBF18F72AF2E3430014547E /* FlywightViewController.swift */; };
		9EBF18FA2AF2E34A0014547E /* Flywight.storyboard in Resources */ = {isa = PBXBuildFile; fileRef = 9EBF18F92AF2E34A0014547E /* Flywight.storyboard */; };
		9EBF18FC2AF2E35E0014547E /* Proxy.storyboard in Resources */ = {isa = PBXBuildFile; fileRef = 9EBF18FB2AF2E35E0014547E /* Proxy.storyboard */; };
		9EBF18FE2AF2E3650014547E /* ProxyViewController.swift in Sources */ = {isa = PBXBuildFile; fileRef = 9EBF18FD2AF2E3650014547E /* ProxyViewController.swift */; };
		9EC710552AA7FFFB00983DE7 /* AppDelegate.swift in Sources */ = {isa = PBXBuildFile; fileRef = 9EC710542AA7FFFB00983DE7 /* AppDelegate.swift */; };
		9EC710572AA7FFFB00983DE7 /* SceneDelegate.swift in Sources */ = {isa = PBXBuildFile; fileRef = 9EC710562AA7FFFB00983DE7 /* SceneDelegate.swift */; };
		9EC710592AA7FFFB00983DE7 /* ViewController.swift in Sources */ = {isa = PBXBuildFile; fileRef = 9EC710582AA7FFFB00983DE7 /* ViewController.swift */; };
		9EC7105C2AA7FFFB00983DE7 /* Main.storyboard in Resources */ = {isa = PBXBuildFile; fileRef = 9EC7105A2AA7FFFB00983DE7 /* Main.storyboard */; };
		9EC7105E2AA7FFFD00983DE7 /* Assets.xcassets in Resources */ = {isa = PBXBuildFile; fileRef = 9EC7105D2AA7FFFD00983DE7 /* Assets.xcassets */; };
		9EC710612AA7FFFD00983DE7 /* LaunchScreen.storyboard in Resources */ = {isa = PBXBuildFile; fileRef = 9EC7105F2AA7FFFD00983DE7 /* LaunchScreen.storyboard */; };
		9ECB06E02ABC0EF2000BA354 /* ListViewController.swift in Sources */ = {isa = PBXBuildFile; fileRef = 9ECB06DF2ABC0EF2000BA354 /* ListViewController.swift */; };
		9ECB06E22ABC0F0D000BA354 /* Creational.storyboard in Resources */ = {isa = PBXBuildFile; fileRef = 9ECB06E12ABC0F0D000BA354 /* Creational.storyboard */; };
		9ECB06E52ABC0FC9000BA354 /* FactoryMethod.storyboard in Resources */ = {isa = PBXBuildFile; fileRef = 9ECB06E42ABC0FC9000BA354 /* FactoryMethod.storyboard */; };
		9ECB06E82ABC1459000BA354 /* CardUIView.swift in Sources */ = {isa = PBXBuildFile; fileRef = 9ECB06E72ABC1459000BA354 /* CardUIView.swift */; };
		9ECB06EB2ABCDA4C000BA354 /* CeldaListCollectionViewCell.swift in Sources */ = {isa = PBXBuildFile; fileRef = 9ECB06EA2ABCDA4C000BA354 /* CeldaListCollectionViewCell.swift */; };
		9ECB06EE2ABCED0C000BA354 /* ModelCreacional.swift in Sources */ = {isa = PBXBuildFile; fileRef = 9ECB06ED2ABCED0C000BA354 /* ModelCreacional.swift */; };
		9ECB06F12ABCEEC9000BA354 /* ViewModel.swift in Sources */ = {isa = PBXBuildFile; fileRef = 9ECB06F02ABCEEC9000BA354 /* ViewModel.swift */; };
/* End PBXBuildFile section */

/* Begin PBXFileReference section */
		9E0259182AE98A89004240E8 /* PatternDesingCreational.swift */ = {isa = PBXFileReference; lastKnownFileType = sourcecode.swift; path = PatternDesingCreational.swift; sourceTree = "<group>"; };
		9E02591B2AE9966C004240E8 /* AbstractMethodViewController.swift */ = {isa = PBXFileReference; lastKnownFileType = sourcecode.swift; path = AbstractMethodViewController.swift; sourceTree = "<group>"; };
		9E02591D2AE99BBC004240E8 /* AbstractMethod.storyboard */ = {isa = PBXFileReference; lastKnownFileType = file.storyboard; path = AbstractMethod.storyboard; sourceTree = "<group>"; };
		9E0259202AE99C96004240E8 /* BuilderViewController.swift */ = {isa = PBXFileReference; lastKnownFileType = sourcecode.swift; path = BuilderViewController.swift; sourceTree = "<group>"; };
		9E0259222AE99CA1004240E8 /* Builder.storyboard */ = {isa = PBXFileReference; lastKnownFileType = file.storyboard; path = Builder.storyboard; sourceTree = "<group>"; };
		9E36C6052AF5F4520056A4B2 /* Comportamiento.storyboard */ = {isa = PBXFileReference; lastKnownFileType = file.storyboard; path = Comportamiento.storyboard; sourceTree = "<group>"; };
		9E36C6072AF5F6660056A4B2 /* ModelComportamiento.swift */ = {isa = PBXFileReference; lastKnownFileType = sourcecode.swift; path = ModelComportamiento.swift; sourceTree = "<group>"; };
		9E36C60B2AF5F8A20056A4B2 /* ChainOfResponsabilityViewController.swift */ = {isa = PBXFileReference; lastKnownFileType = sourcecode.swift; path = ChainOfResponsabilityViewController.swift; sourceTree = "<group>"; };
		9E36C60D2AF5F8AA0056A4B2 /* ChainOfResponsability.storyboard */ = {isa = PBXFileReference; lastKnownFileType = file.storyboard; path = ChainOfResponsability.storyboard; sourceTree = "<group>"; };
		9E36C6102AF5F8BF0056A4B2 /* Command.storyboard */ = {isa = PBXFileReference; lastKnownFileType = file.storyboard; path = Command.storyboard; sourceTree = "<group>"; };
		9E36C6122AF5F8C70056A4B2 /* CommandViewController.swift */ = {isa = PBXFileReference; lastKnownFileType = sourcecode.swift; path = CommandViewController.swift; sourceTree = "<group>"; };
		9E36C6152AF5F9290056A4B2 /* InterpreterViewController.swift */ = {isa = PBXFileReference; lastKnownFileType = sourcecode.swift; path = InterpreterViewController.swift; sourceTree = "<group>"; };
		9E36C6172AF5F92F0056A4B2 /* Interpreter.storyboard */ = {isa = PBXFileReference; lastKnownFileType = file.storyboard; path = Interpreter.storyboard; sourceTree = "<group>"; };
		9E36C61A2AF5F9900056A4B2 /* Visitor.storyboard */ = {isa = PBXFileReference; lastKnownFileType = file.storyboard; path = Visitor.storyboard; sourceTree = "<group>"; };
		9E36C61C2AF5F9970056A4B2 /* VisitorViewController.swift */ = {isa = PBXFileReference; lastKnownFileType = sourcecode.swift; path = VisitorViewController.swift; sourceTree = "<group>"; };
		9E36C61F2AF5F9B40056A4B2 /* TemplateMethodViewController.swift */ = {isa = PBXFileReference; lastKnownFileType = sourcecode.swift; path = TemplateMethodViewController.swift; sourceTree = "<group>"; };
		9E36C6212AF5F9C70056A4B2 /* TemplateMethod.storyboard */ = {isa = PBXFileReference; lastKnownFileType = file.storyboard; path = TemplateMethod.storyboard; sourceTree = "<group>"; };
		9E36C6232AF5F9E20056A4B2 /* Strategy.storyboard */ = {isa = PBXFileReference; lastKnownFileType = file.storyboard; path = Strategy.storyboard; sourceTree = "<group>"; };
		9E36C6262AF5F9FD0056A4B2 /* StrategyViewController.swift */ = {isa = PBXFileReference; lastKnownFileType = sourcecode.swift; path = StrategyViewController.swift; sourceTree = "<group>"; };
		9E36C6292AF5FA110056A4B2 /* StateViewController.swift */ = {isa = PBXFileReference; lastKnownFileType = sourcecode.swift; path = StateViewController.swift; sourceTree = "<group>"; };
		9E36C62B2AF5FA1B0056A4B2 /* State.storyboard */ = {isa = PBXFileReference; lastKnownFileType = file.storyboard; path = State.storyboard; sourceTree = "<group>"; };
		9E36C62E2AF5FA320056A4B2 /* Observer.storyboard */ = {isa = PBXFileReference; lastKnownFileType = file.storyboard; path = Observer.storyboard; sourceTree = "<group>"; };
		9E36C6302AF5FA3D0056A4B2 /* ObserverViewController.swift */ = {isa = PBXFileReference; lastKnownFileType = sourcecode.swift; path = ObserverViewController.swift; sourceTree = "<group>"; };
		9E36C6332AF5FA5B0056A4B2 /* MementoViewController.swift */ = {isa = PBXFileReference; lastKnownFileType = sourcecode.swift; path = MementoViewController.swift; sourceTree = "<group>"; };
		9E36C6352AF5FA610056A4B2 /* Memento.storyboard */ = {isa = PBXFileReference; lastKnownFileType = file.storyboard; path = Memento.storyboard; sourceTree = "<group>"; };
		9E36C6382AF5FA990056A4B2 /* Mediator.storyboard */ = {isa = PBXFileReference; lastKnownFileType = file.storyboard; path = Mediator.storyboard; sourceTree = "<group>"; };
		9E36C63A2AF5FAA10056A4B2 /* MediatorViewController.swift */ = {isa = PBXFileReference; lastKnownFileType = sourcecode.swift; path = MediatorViewController.swift; sourceTree = "<group>"; };
		9E36C63D2AF5FBC90056A4B2 /* IteractorViewController.swift */ = {isa = PBXFileReference; lastKnownFileType = sourcecode.swift; path = IteractorViewController.swift; sourceTree = "<group>"; };
		9E36C63F2AF5FBD00056A4B2 /* Iteractor.storyboard */ = {isa = PBXFileReference; lastKnownFileType = file.storyboard; path = Iteractor.storyboard; sourceTree = "<group>"; };
		9E36C6412AF5FCAC0056A4B2 /* CoordinatorPatter.swift */ = {isa = PBXFileReference; lastKnownFileType = sourcecode.swift; path = CoordinatorPatter.swift; sourceTree = "<group>"; };
		9E5CE3132ABC084200425AFD /* FactoryMethodViewController.swift */ = {isa = PBXFileReference; lastKnownFileType = sourcecode.swift; path = FactoryMethodViewController.swift; sourceTree = "<group>"; };
		9EB512952AE9D3BD000D9221 /* PrototypeViewController.swift */ = {isa = PBXFileReference; lastKnownFileType = sourcecode.swift; path = PrototypeViewController.swift; sourceTree = "<group>"; };
		9EB512972AE9D3C9000D9221 /* Prototype.storyboard */ = {isa = PBXFileReference; lastKnownFileType = file.storyboard; path = Prototype.storyboard; sourceTree = "<group>"; };
		9EB5129A2AE9D51F000D9221 /* SingletonViewController.swift */ = {isa = PBXFileReference; lastKnownFileType = sourcecode.swift; path = SingletonViewController.swift; sourceTree = "<group>"; };
		9EB5129C2AE9D529000D9221 /* Singleton.storyboard */ = {isa = PBXFileReference; lastKnownFileType = file.storyboard; path = Singleton.storyboard; sourceTree = "<group>"; };
		9EBF18D22AF22F430014547E /* ModelEstructural.swift */ = {isa = PBXFileReference; lastKnownFileType = sourcecode.swift; path = ModelEstructural.swift; sourceTree = "<group>"; };
		9EBF18D52AF2AA2E0014547E /* Estructural.storyboard */ = {isa = PBXFileReference; lastKnownFileType = file.storyboard; path = Estructural.storyboard; sourceTree = "<group>"; };
		9EBF18D72AF2ABA20014547E /* enumHelper.swift */ = {isa = PBXFileReference; lastKnownFileType = sourcecode.swift; path = enumHelper.swift; sourceTree = "<group>"; };
		9EBF18E22AF2D04E0014547E /* Adapter.storyboard */ = {isa = PBXFileReference; lastKnownFileType = file.storyboard; path = Adapter.storyboard; sourceTree = "<group>"; };
		9EBF18E42AF2D0720014547E /* AdapterViewController.swift */ = {isa = PBXFileReference; lastKnownFileType = sourcecode.swift; path = AdapterViewController.swift; sourceTree = "<group>"; };
		9EBF18E72AF2E1C10014547E /* BridgeViewController.swift */ = {isa = PBXFileReference; lastKnownFileType = sourcecode.swift; path = BridgeViewController.swift; sourceTree = "<group>"; };
		9EBF18E92AF2E1E30014547E /* Bridge.storyboard */ = {isa = PBXFileReference; lastKnownFileType = file.storyboard; path = Bridge.storyboard; sourceTree = "<group>"; };
		9EBF18EB2AF2E2540014547E /* Composite.storyboard */ = {isa = PBXFileReference; lastKnownFileType = file.storyboard; path = Composite.storyboard; sourceTree = "<group>"; };
		9EBF18ED2AF2E25D0014547E /* CompositeViewController.swift */ = {isa = PBXFileReference; lastKnownFileType = sourcecode.swift; path = CompositeViewController.swift; sourceTree = "<group>"; };
		9EBF18EF2AF2E3110014547E /* DecoratorViewController.swift */ = {isa = PBXFileReference; lastKnownFileType = sourcecode.swift; path = DecoratorViewController.swift; sourceTree = "<group>"; };
		9EBF18F12AF2E31A0014547E /* Decorator.storyboard */ = {isa = PBXFileReference; lastKnownFileType = file.storyboard; path = Decorator.storyboard; sourceTree = "<group>"; };
		9EBF18F32AF2E3280014547E /* Facade.storyboard */ = {isa = PBXFileReference; lastKnownFileType = file.storyboard; path = Facade.storyboard; sourceTree = "<group>"; };
		9EBF18F52AF2E3310014547E /* FacadeViewController.swift */ = {isa = PBXFileReference; lastKnownFileType = sourcecode.swift; path = FacadeViewController.swift; sourceTree = "<group>"; };
		9EBF18F72AF2E3430014547E /* FlywightViewController.swift */ = {isa = PBXFileReference; lastKnownFileType = sourcecode.swift; path = FlywightViewController.swift; sourceTree = "<group>"; };
		9EBF18F92AF2E34A0014547E /* Flywight.storyboard */ = {isa = PBXFileReference; lastKnownFileType = file.storyboard; path = Flywight.storyboard; sourceTree = "<group>"; };
		9EBF18FB2AF2E35E0014547E /* Proxy.storyboard */ = {isa = PBXFileReference; lastKnownFileType = file.storyboard; path = Proxy.storyboard; sourceTree = "<group>"; };
		9EBF18FD2AF2E3650014547E /* ProxyViewController.swift */ = {isa = PBXFileReference; lastKnownFileType = sourcecode.swift; path = ProxyViewController.swift; sourceTree = "<group>"; };
		9EC710512AA7FFFB00983DE7 /* Patrones de diseño.app */ = {isa = PBXFileReference; explicitFileType = wrapper.application; includeInIndex = 0; path = "Patrones de diseño.app"; sourceTree = BUILT_PRODUCTS_DIR; };
		9EC710542AA7FFFB00983DE7 /* AppDelegate.swift */ = {isa = PBXFileReference; lastKnownFileType = sourcecode.swift; path = AppDelegate.swift; sourceTree = "<group>"; };
		9EC710562AA7FFFB00983DE7 /* SceneDelegate.swift */ = {isa = PBXFileReference; lastKnownFileType = sourcecode.swift; path = SceneDelegate.swift; sourceTree = "<group>"; };
		9EC710582AA7FFFB00983DE7 /* ViewController.swift */ = {isa = PBXFileReference; lastKnownFileType = sourcecode.swift; path = ViewController.swift; sourceTree = "<group>"; };
		9EC7105B2AA7FFFB00983DE7 /* Base */ = {isa = PBXFileReference; lastKnownFileType = file.storyboard; name = Base; path = Base.lproj/Main.storyboard; sourceTree = "<group>"; };
		9EC7105D2AA7FFFD00983DE7 /* Assets.xcassets */ = {isa = PBXFileReference; lastKnownFileType = folder.assetcatalog; path = Assets.xcassets; sourceTree = "<group>"; };
		9EC710602AA7FFFD00983DE7 /* Base */ = {isa = PBXFileReference; lastKnownFileType = file.storyboard; name = Base; path = Base.lproj/LaunchScreen.storyboard; sourceTree = "<group>"; };
		9EC710622AA7FFFD00983DE7 /* Info.plist */ = {isa = PBXFileReference; lastKnownFileType = text.plist.xml; path = Info.plist; sourceTree = "<group>"; };
		9ECB06DF2ABC0EF2000BA354 /* ListViewController.swift */ = {isa = PBXFileReference; lastKnownFileType = sourcecode.swift; path = ListViewController.swift; sourceTree = "<group>"; };
		9ECB06E12ABC0F0D000BA354 /* Creational.storyboard */ = {isa = PBXFileReference; lastKnownFileType = file.storyboard; path = Creational.storyboard; sourceTree = "<group>"; };
		9ECB06E42ABC0FC9000BA354 /* FactoryMethod.storyboard */ = {isa = PBXFileReference; lastKnownFileType = file.storyboard; path = FactoryMethod.storyboard; sourceTree = "<group>"; };
		9ECB06E72ABC1459000BA354 /* CardUIView.swift */ = {isa = PBXFileReference; lastKnownFileType = sourcecode.swift; path = CardUIView.swift; sourceTree = "<group>"; };
		9ECB06EA2ABCDA4C000BA354 /* CeldaListCollectionViewCell.swift */ = {isa = PBXFileReference; lastKnownFileType = sourcecode.swift; path = CeldaListCollectionViewCell.swift; sourceTree = "<group>"; };
		9ECB06ED2ABCED0C000BA354 /* ModelCreacional.swift */ = {isa = PBXFileReference; lastKnownFileType = sourcecode.swift; path = ModelCreacional.swift; sourceTree = "<group>"; };
		9ECB06F02ABCEEC9000BA354 /* ViewModel.swift */ = {isa = PBXFileReference; lastKnownFileType = sourcecode.swift; path = ViewModel.swift; sourceTree = "<group>"; };
/* End PBXFileReference section */

/* Begin PBXFrameworksBuildPhase section */
		9EC7104E2AA7FFFB00983DE7 /* Frameworks */ = {
			isa = PBXFrameworksBuildPhase;
			buildActionMask = 2147483647;
			files = (
			);
			runOnlyForDeploymentPostprocessing = 0;
		};
/* End PBXFrameworksBuildPhase section */

/* Begin PBXGroup section */
		9E02591A2AE99646004240E8 /* Abstract Method */ = {
			isa = PBXGroup;
			children = (
				9E02591B2AE9966C004240E8 /* AbstractMethodViewController.swift */,
				9E02591D2AE99BBC004240E8 /* AbstractMethod.storyboard */,
			);
			path = "Abstract Method";
			sourceTree = "<group>";
		};
		9E02591F2AE99C75004240E8 /* Builder */ = {
			isa = PBXGroup;
			children = (
				9E0259202AE99C96004240E8 /* BuilderViewController.swift */,
				9E0259222AE99CA1004240E8 /* Builder.storyboard */,
			);
			path = Builder;
			sourceTree = "<group>";
		};
		9E36C6042AF5F43A0056A4B2 /* Comportamiento */ = {
			isa = PBXGroup;
			children = (
				9E36C6092AF5F7E30056A4B2 /* Views */,
				9E36C6052AF5F4520056A4B2 /* Comportamiento.storyboard */,
			);
			path = Comportamiento;
			sourceTree = "<group>";
		};
		9E36C6092AF5F7E30056A4B2 /* Views */ = {
			isa = PBXGroup;
			children = (
				9E36C60A2AF5F7ED0056A4B2 /* Chain of Responsability */,
				9E36C60F2AF5F8B90056A4B2 /* Command */,
				9E36C6142AF5F9210056A4B2 /* Interpreter */,
				9E36C63C2AF5FBB50056A4B2 /* Iteractor */,
				9E36C6372AF5FA850056A4B2 /* Mediator */,
				9E36C6322AF5FA540056A4B2 /* Memento */,
				9E36C62D2AF5FA290056A4B2 /* Observer */,
				9E36C6282AF5FA0B0056A4B2 /* State */,
				9E36C6252AF5F9EC0056A4B2 /* Strategy */,
				9E36C61E2AF5F9AD0056A4B2 /* TemplateMethod */,
				9E36C6192AF5F9820056A4B2 /* Visitor */,
			);
			path = Views;
			sourceTree = "<group>";
		};
		9E36C60A2AF5F7ED0056A4B2 /* Chain of Responsability */ = {
			isa = PBXGroup;
			children = (
				9E36C60B2AF5F8A20056A4B2 /* ChainOfResponsabilityViewController.swift */,
				9E36C60D2AF5F8AA0056A4B2 /* ChainOfResponsability.storyboard */,
			);
			path = "Chain of Responsability";
			sourceTree = "<group>";
		};
		9E36C60F2AF5F8B90056A4B2 /* Command */ = {
			isa = PBXGroup;
			children = (
				9E36C6102AF5F8BF0056A4B2 /* Command.storyboard */,
				9E36C6122AF5F8C70056A4B2 /* CommandViewController.swift */,
			);
			path = Command;
			sourceTree = "<group>";
		};
		9E36C6142AF5F9210056A4B2 /* Interpreter */ = {
			isa = PBXGroup;
			children = (
				9E36C6152AF5F9290056A4B2 /* InterpreterViewController.swift */,
				9E36C6172AF5F92F0056A4B2 /* Interpreter.storyboard */,
			);
			path = Interpreter;
			sourceTree = "<group>";
		};
		9E36C6192AF5F9820056A4B2 /* Visitor */ = {
			isa = PBXGroup;
			children = (
				9E36C61A2AF5F9900056A4B2 /* Visitor.storyboard */,
				9E36C61C2AF5F9970056A4B2 /* VisitorViewController.swift */,
			);
			path = Visitor;
			sourceTree = "<group>";
		};
		9E36C61E2AF5F9AD0056A4B2 /* TemplateMethod */ = {
			isa = PBXGroup;
			children = (
				9E36C61F2AF5F9B40056A4B2 /* TemplateMethodViewController.swift */,
				9E36C6212AF5F9C70056A4B2 /* TemplateMethod.storyboard */,
			);
			path = TemplateMethod;
			sourceTree = "<group>";
		};
		9E36C6252AF5F9EC0056A4B2 /* Strategy */ = {
			isa = PBXGroup;
			children = (
				9E36C6232AF5F9E20056A4B2 /* Strategy.storyboard */,
				9E36C6262AF5F9FD0056A4B2 /* StrategyViewController.swift */,
			);
			path = Strategy;
			sourceTree = "<group>";
		};
		9E36C6282AF5FA0B0056A4B2 /* State */ = {
			isa = PBXGroup;
			children = (
				9E36C6292AF5FA110056A4B2 /* StateViewController.swift */,
				9E36C62B2AF5FA1B0056A4B2 /* State.storyboard */,
			);
			path = State;
			sourceTree = "<group>";
		};
		9E36C62D2AF5FA290056A4B2 /* Observer */ = {
			isa = PBXGroup;
			children = (
				9E36C62E2AF5FA320056A4B2 /* Observer.storyboard */,
				9E36C6302AF5FA3D0056A4B2 /* ObserverViewController.swift */,
			);
			path = Observer;
			sourceTree = "<group>";
		};
		9E36C6322AF5FA540056A4B2 /* Memento */ = {
			isa = PBXGroup;
			children = (
				9E36C6332AF5FA5B0056A4B2 /* MementoViewController.swift */,
				9E36C6352AF5FA610056A4B2 /* Memento.storyboard */,
			);
			path = Memento;
			sourceTree = "<group>";
		};
		9E36C6372AF5FA850056A4B2 /* Mediator */ = {
			isa = PBXGroup;
			children = (
				9E36C6382AF5FA990056A4B2 /* Mediator.storyboard */,
				9E36C63A2AF5FAA10056A4B2 /* MediatorViewController.swift */,
			);
			path = Mediator;
			sourceTree = "<group>";
		};
		9E36C63C2AF5FBB50056A4B2 /* Iteractor */ = {
			isa = PBXGroup;
			children = (
				9E36C63D2AF5FBC90056A4B2 /* IteractorViewController.swift */,
				9E36C63F2AF5FBD00056A4B2 /* Iteractor.storyboard */,
			);
			path = Iteractor;
			sourceTree = "<group>";
		};
		9E5CE30E2ABC07D100425AFD /* Patrones */ = {
			isa = PBXGroup;
			children = (
				9E36C6042AF5F43A0056A4B2 /* Comportamiento */,
				9EBF18D42AF2A9F90014547E /* Estructural */,
				9E5CE3102ABC07FC00425AFD /* Creational */,
			);
			path = Patrones;
			sourceTree = "<group>";
		};
		9E5CE30F2ABC07E800425AFD /* Factory Method */ = {
			isa = PBXGroup;
			children = (
				9E5CE3132ABC084200425AFD /* FactoryMethodViewController.swift */,
				9ECB06E42ABC0FC9000BA354 /* FactoryMethod.storyboard */,
			);
			path = "Factory Method";
			sourceTree = "<group>";
		};
		9E5CE3102ABC07FC00425AFD /* Creational */ = {
			isa = PBXGroup;
			children = (
				9ECB06E32ABC0F3E000BA354 /* Views */,
				9ECB06E12ABC0F0D000BA354 /* Creational.storyboard */,
			);
			path = Creational;
			sourceTree = "<group>";
		};
		9EB512942AE9D385000D9221 /* Prototype */ = {
			isa = PBXGroup;
			children = (
				9EB512952AE9D3BD000D9221 /* PrototypeViewController.swift */,
				9EB512972AE9D3C9000D9221 /* Prototype.storyboard */,
			);
			path = Prototype;
			sourceTree = "<group>";
		};
		9EB512992AE9D50C000D9221 /* Singleton */ = {
			isa = PBXGroup;
			children = (
				9EB5129A2AE9D51F000D9221 /* SingletonViewController.swift */,
				9EB5129C2AE9D529000D9221 /* Singleton.storyboard */,
			);
			path = Singleton;
			sourceTree = "<group>";
		};
		9EBF18D42AF2A9F90014547E /* Estructural */ = {
			isa = PBXGroup;
			children = (
				9EBF18DA2AF2CFC50014547E /* Views */,
				9EBF18D52AF2AA2E0014547E /* Estructural.storyboard */,
			);
			path = Estructural;
			sourceTree = "<group>";
		};
		9EBF18D92AF2CCBC0014547E /* List */ = {
			isa = PBXGroup;
			children = (
				9EC710582AA7FFFB00983DE7 /* ViewController.swift */,
				9ECB06EA2ABCDA4C000BA354 /* CeldaListCollectionViewCell.swift */,
				9ECB06DF2ABC0EF2000BA354 /* ListViewController.swift */,
				9EC7105A2AA7FFFB00983DE7 /* Main.storyboard */,
			);
			path = List;
			sourceTree = "<group>";
		};
		9EBF18DA2AF2CFC50014547E /* Views */ = {
			isa = PBXGroup;
			children = (
				9EBF18DB2AF2CFF10014547E /* Adapter */,
				9EBF18DC2AF2CFFA0014547E /* Bridge */,
				9EBF18E12AF2D02F0014547E /* Composite */,
				9EBF18E02AF2D0280014547E /* Decorator */,
				9EBF18DF2AF2D0210014547E /* Facade */,
				9EBF18DE2AF2D0160014547E /* Flywight */,
				9EBF18DD2AF2D00E0014547E /* Proxy */,
			);
			path = Views;
			sourceTree = "<group>";
		};
		9EBF18DB2AF2CFF10014547E /* Adapter */ = {
			isa = PBXGroup;
			children = (
				9EBF18E42AF2D0720014547E /* AdapterViewController.swift */,
				9EBF18E22AF2D04E0014547E /* Adapter.storyboard */,
			);
			path = Adapter;
			sourceTree = "<group>";
		};
		9EBF18DC2AF2CFFA0014547E /* Bridge */ = {
			isa = PBXGroup;
			children = (
				9EBF18E72AF2E1C10014547E /* BridgeViewController.swift */,
				9EBF18E92AF2E1E30014547E /* Bridge.storyboard */,
			);
			path = Bridge;
			sourceTree = "<group>";
		};
		9EBF18DD2AF2D00E0014547E /* Proxy */ = {
			isa = PBXGroup;
			children = (
				9EBF18FD2AF2E3650014547E /* ProxyViewController.swift */,
				9EBF18FB2AF2E35E0014547E /* Proxy.storyboard */,
			);
			path = Proxy;
			sourceTree = "<group>";
		};
		9EBF18DE2AF2D0160014547E /* Flywight */ = {
			isa = PBXGroup;
			children = (
				9EBF18F72AF2E3430014547E /* FlywightViewController.swift */,
				9EBF18F92AF2E34A0014547E /* Flywight.storyboard */,
			);
			path = Flywight;
			sourceTree = "<group>";
		};
		9EBF18DF2AF2D0210014547E /* Facade */ = {
			isa = PBXGroup;
			children = (
				9EBF18F52AF2E3310014547E /* FacadeViewController.swift */,
				9EBF18F32AF2E3280014547E /* Facade.storyboard */,
			);
			path = Facade;
			sourceTree = "<group>";
		};
		9EBF18E02AF2D0280014547E /* Decorator */ = {
			isa = PBXGroup;
			children = (
				9EBF18EF2AF2E3110014547E /* DecoratorViewController.swift */,
				9EBF18F12AF2E31A0014547E /* Decorator.storyboard */,
			);
			path = Decorator;
			sourceTree = "<group>";
		};
		9EBF18E12AF2D02F0014547E /* Composite */ = {
			isa = PBXGroup;
			children = (
				9EBF18ED2AF2E25D0014547E /* CompositeViewController.swift */,
				9EBF18EB2AF2E2540014547E /* Composite.storyboard */,
			);
			path = Composite;
			sourceTree = "<group>";
		};
		9EC710482AA7FFFB00983DE7 = {
			isa = PBXGroup;
			children = (
				9EC710532AA7FFFB00983DE7 /* Patrones de diseño */,
				9EC710522AA7FFFB00983DE7 /* Products */,
			);
			sourceTree = "<group>";
		};
		9EC710522AA7FFFB00983DE7 /* Products */ = {
			isa = PBXGroup;
			children = (
				9EC710512AA7FFFB00983DE7 /* Patrones de diseño.app */,
			);
			name = Products;
			sourceTree = "<group>";
		};
		9EC710532AA7FFFB00983DE7 /* Patrones de diseño */ = {
			isa = PBXGroup;
			children = (
				9E5CE30E2ABC07D100425AFD /* Patrones */,
				9ECB06EC2ABCED00000BA354 /* Model */,
				9EC710542AA7FFFB00983DE7 /* AppDelegate.swift */,
				9EC710562AA7FFFB00983DE7 /* SceneDelegate.swift */,
				9ECB06EF2ABCEEBC000BA354 /* ViewModel */,
				9EBF18D92AF2CCBC0014547E /* List */,
				9EC7105D2AA7FFFD00983DE7 /* Assets.xcassets */,
				9ECB06E62ABC1433000BA354 /* Helpers */,
				9EC7105F2AA7FFFD00983DE7 /* LaunchScreen.storyboard */,
				9EC710622AA7FFFD00983DE7 /* Info.plist */,
			);
			path = "Patrones de diseño";
			sourceTree = "<group>";
		};
		9ECB06E32ABC0F3E000BA354 /* Views */ = {
			isa = PBXGroup;
			children = (
				9EB512992AE9D50C000D9221 /* Singleton */,
				9EB512942AE9D385000D9221 /* Prototype */,
				9E02591F2AE99C75004240E8 /* Builder */,
				9E02591A2AE99646004240E8 /* Abstract Method */,
				9E5CE30F2ABC07E800425AFD /* Factory Method */,
			);
			path = Views;
			sourceTree = "<group>";
		};
		9ECB06E62ABC1433000BA354 /* Helpers */ = {
			isa = PBXGroup;
			children = (
				9EBF18D72AF2ABA20014547E /* enumHelper.swift */,
				9E0259182AE98A89004240E8 /* PatternDesingCreational.swift */,
				9ECB06E72ABC1459000BA354 /* CardUIView.swift */,
				9E36C6412AF5FCAC0056A4B2 /* CoordinatorPatter.swift */,
			);
			path = Helpers;
			sourceTree = "<group>";
		};
		9ECB06EC2ABCED00000BA354 /* Model */ = {
			isa = PBXGroup;
			children = (
				9ECB06ED2ABCED0C000BA354 /* ModelCreacional.swift */,
				9EBF18D22AF22F430014547E /* ModelEstructural.swift */,
				9E36C6072AF5F6660056A4B2 /* ModelComportamiento.swift */,
			);
			path = Model;
			sourceTree = "<group>";
		};
		9ECB06EF2ABCEEBC000BA354 /* ViewModel */ = {
			isa = PBXGroup;
			children = (
				9ECB06F02ABCEEC9000BA354 /* ViewModel.swift */,
			);
			path = ViewModel;
			sourceTree = "<group>";
		};
/* End PBXGroup section */

/* Begin PBXNativeTarget section */
		9EC710502AA7FFFB00983DE7 /* Patrones de diseño */ = {
			isa = PBXNativeTarget;
			buildConfigurationList = 9EC710652AA7FFFD00983DE7 /* Build configuration list for PBXNativeTarget "Patrones de diseño" */;
			buildPhases = (
				9EC7104D2AA7FFFB00983DE7 /* Sources */,
				9EC7104E2AA7FFFB00983DE7 /* Frameworks */,
				9EC7104F2AA7FFFB00983DE7 /* Resources */,
			);
			buildRules = (
			);
			dependencies = (
			);
			name = "Patrones de diseño";
			productName = "Patrones de diseño";
			productReference = 9EC710512AA7FFFB00983DE7 /* Patrones de diseño.app */;
			productType = "com.apple.product-type.application";
		};
/* End PBXNativeTarget section */

/* Begin PBXProject section */
		9EC710492AA7FFFB00983DE7 /* Project object */ = {
			isa = PBXProject;
			attributes = {
				BuildIndependentTargetsInParallel = 1;
				LastSwiftUpdateCheck = 1430;
				LastUpgradeCheck = 1430;
				TargetAttributes = {
					9EC710502AA7FFFB00983DE7 = {
						CreatedOnToolsVersion = 14.3.1;
					};
				};
			};
			buildConfigurationList = 9EC7104C2AA7FFFB00983DE7 /* Build configuration list for PBXProject "Patrones de diseño" */;
			compatibilityVersion = "Xcode 14.0";
			developmentRegion = en;
			hasScannedForEncodings = 0;
			knownRegions = (
				en,
				Base,
			);
			mainGroup = 9EC710482AA7FFFB00983DE7;
			productRefGroup = 9EC710522AA7FFFB00983DE7 /* Products */;
			projectDirPath = "";
			projectRoot = "";
			targets = (
				9EC710502AA7FFFB00983DE7 /* Patrones de diseño */,
			);
		};
/* End PBXProject section */

/* Begin PBXResourcesBuildPhase section */
		9EC7104F2AA7FFFB00983DE7 /* Resources */ = {
			isa = PBXResourcesBuildPhase;
			buildActionMask = 2147483647;
			files = (
				9EBF18F22AF2E31A0014547E /* Decorator.storyboard in Resources */,
				9E36C6362AF5FA610056A4B2 /* Memento.storyboard in Resources */,
				9EC710612AA7FFFD00983DE7 /* LaunchScreen.storyboard in Resources */,
				9EBF18EC2AF2E2540014547E /* Composite.storyboard in Resources */,
				9EB512982AE9D3C9000D9221 /* Prototype.storyboard in Resources */,
				9E02591E2AE99BBC004240E8 /* AbstractMethod.storyboard in Resources */,
				9E36C6242AF5F9E20056A4B2 /* Strategy.storyboard in Resources */,
				9E36C61B2AF5F9900056A4B2 /* Visitor.storyboard in Resources */,
				9EBF18D62AF2AA2E0014547E /* Estructural.storyboard in Resources */,
				9EBF18F42AF2E3280014547E /* Facade.storyboard in Resources */,
				9E36C6062AF5F4520056A4B2 /* Comportamiento.storyboard in Resources */,
				9E36C6402AF5FBD00056A4B2 /* Iteractor.storyboard in Resources */,
				9E36C6392AF5FA990056A4B2 /* Mediator.storyboard in Resources */,
				9E36C6112AF5F8BF0056A4B2 /* Command.storyboard in Resources */,
				9E36C6222AF5F9C70056A4B2 /* TemplateMethod.storyboard in Resources */,
				9E36C62C2AF5FA1B0056A4B2 /* State.storyboard in Resources */,
				9EBF18FC2AF2E35E0014547E /* Proxy.storyboard in Resources */,
				9E36C62F2AF5FA320056A4B2 /* Observer.storyboard in Resources */,
				9EBF18E32AF2D04E0014547E /* Adapter.storyboard in Resources */,
				9EBF18FA2AF2E34A0014547E /* Flywight.storyboard in Resources */,
				9EBF18EA2AF2E1E30014547E /* Bridge.storyboard in Resources */,
				9EC7105E2AA7FFFD00983DE7 /* Assets.xcassets in Resources */,
				9EC7105C2AA7FFFB00983DE7 /* Main.storyboard in Resources */,
				9E36C60E2AF5F8AA0056A4B2 /* ChainOfResponsability.storyboard in Resources */,
				9ECB06E52ABC0FC9000BA354 /* FactoryMethod.storyboard in Resources */,
				9E0259232AE99CA1004240E8 /* Builder.storyboard in Resources */,
				9ECB06E22ABC0F0D000BA354 /* Creational.storyboard in Resources */,
				9EB5129D2AE9D529000D9221 /* Singleton.storyboard in Resources */,
				9E36C6182AF5F92F0056A4B2 /* Interpreter.storyboard in Resources */,
			);
			runOnlyForDeploymentPostprocessing = 0;
		};
/* End PBXResourcesBuildPhase section */

/* Begin PBXSourcesBuildPhase section */
		9EC7104D2AA7FFFB00983DE7 /* Sources */ = {
			isa = PBXSourcesBuildPhase;
			buildActionMask = 2147483647;
			files = (
				9EBF18D82AF2ABA20014547E /* enumHelper.swift in Sources */,
				9EC710592AA7FFFB00983DE7 /* ViewController.swift in Sources */,
				9E36C6422AF5FCAC0056A4B2 /* CoordinatorPatter.swift in Sources */,
				9EC710552AA7FFFB00983DE7 /* AppDelegate.swift in Sources */,
				9E0259192AE98A89004240E8 /* PatternDesingCreational.swift in Sources */,
				9EBF18E52AF2D0720014547E /* AdapterViewController.swift in Sources */,
				9ECB06EB2ABCDA4C000BA354 /* CeldaListCollectionViewCell.swift in Sources */,
				9EBF18D32AF22F430014547E /* ModelEstructural.swift in Sources */,
				9EBF18E82AF2E1C10014547E /* BridgeViewController.swift in Sources */,
				9E0259212AE99C96004240E8 /* BuilderViewController.swift in Sources */,
				9E36C6342AF5FA5B0056A4B2 /* MementoViewController.swift in Sources */,
				9ECB06E82ABC1459000BA354 /* CardUIView.swift in Sources */,
				9EBF18FE2AF2E3650014547E /* ProxyViewController.swift in Sources */,
				9EBF18F02AF2E3110014547E /* DecoratorViewController.swift in Sources */,
				9EB5129B2AE9D51F000D9221 /* SingletonViewController.swift in Sources */,
				9E36C6272AF5F9FD0056A4B2 /* StrategyViewController.swift in Sources */,
				9E36C61D2AF5F9970056A4B2 /* VisitorViewController.swift in Sources */,
				9E36C62A2AF5FA110056A4B2 /* StateViewController.swift in Sources */,
				9EB512962AE9D3BD000D9221 /* PrototypeViewController.swift in Sources */,
				9E36C6082AF5F6660056A4B2 /* ModelComportamiento.swift in Sources */,
				9ECB06E02ABC0EF2000BA354 /* ListViewController.swift in Sources */,
				9E5CE3142ABC084200425AFD /* FactoryMethodViewController.swift in Sources */,
				9E36C6202AF5F9B40056A4B2 /* TemplateMethodViewController.swift in Sources */,
				9E36C60C2AF5F8A20056A4B2 /* ChainOfResponsabilityViewController.swift in Sources */,
				9ECB06EE2ABCED0C000BA354 /* ModelCreacional.swift in Sources */,
				9ECB06F12ABCEEC9000BA354 /* ViewModel.swift in Sources */,
				9EC710572AA7FFFB00983DE7 /* SceneDelegate.swift in Sources */,
				9E36C63E2AF5FBC90056A4B2 /* IteractorViewController.swift in Sources */,
				9EBF18EE2AF2E25D0014547E /* CompositeViewController.swift in Sources */,
				9EBF18F62AF2E3310014547E /* FacadeViewController.swift in Sources */,
				9EBF18F82AF2E3430014547E /* FlywightViewController.swift in Sources */,
				9E36C63B2AF5FAA10056A4B2 /* MediatorViewController.swift in Sources */,
				9E36C6162AF5F9290056A4B2 /* InterpreterViewController.swift in Sources */,
				9E36C6132AF5F8C70056A4B2 /* CommandViewController.swift in Sources */,
				9E36C6312AF5FA3D0056A4B2 /* ObserverViewController.swift in Sources */,
				9E02591C2AE9966C004240E8 /* AbstractMethodViewController.swift in Sources */,
			);
			runOnlyForDeploymentPostprocessing = 0;
		};
/* End PBXSourcesBuildPhase section */

/* Begin PBXVariantGroup section */
		9EC7105A2AA7FFFB00983DE7 /* Main.storyboard */ = {
			isa = PBXVariantGroup;
			children = (
				9EC7105B2AA7FFFB00983DE7 /* Base */,
			);
			name = Main.storyboard;
			sourceTree = "<group>";
		};
		9EC7105F2AA7FFFD00983DE7 /* LaunchScreen.storyboard */ = {
			isa = PBXVariantGroup;
			children = (
				9EC710602AA7FFFD00983DE7 /* Base */,
			);
			name = LaunchScreen.storyboard;
			sourceTree = "<group>";
		};
/* End PBXVariantGroup section */

/* Begin XCBuildConfiguration section */
		9EC710632AA7FFFD00983DE7 /* Debug */ = {
			isa = XCBuildConfiguration;
			buildSettings = {
				ALWAYS_SEARCH_USER_PATHS = NO;
				CLANG_ANALYZER_NONNULL = YES;
				CLANG_ANALYZER_NUMBER_OBJECT_CONVERSION = YES_AGGRESSIVE;
				CLANG_CXX_LANGUAGE_STANDARD = "gnu++20";
				CLANG_ENABLE_MODULES = YES;
				CLANG_ENABLE_OBJC_ARC = YES;
				CLANG_ENABLE_OBJC_WEAK = YES;
				CLANG_WARN_BLOCK_CAPTURE_AUTORELEASING = YES;
				CLANG_WARN_BOOL_CONVERSION = YES;
				CLANG_WARN_COMMA = YES;
				CLANG_WARN_CONSTANT_CONVERSION = YES;
				CLANG_WARN_DEPRECATED_OBJC_IMPLEMENTATIONS = YES;
				CLANG_WARN_DIRECT_OBJC_ISA_USAGE = YES_ERROR;
				CLANG_WARN_DOCUMENTATION_COMMENTS = YES;
				CLANG_WARN_EMPTY_BODY = YES;
				CLANG_WARN_ENUM_CONVERSION = YES;
				CLANG_WARN_INFINITE_RECURSION = YES;
				CLANG_WARN_INT_CONVERSION = YES;
				CLANG_WARN_NON_LITERAL_NULL_CONVERSION = YES;
				CLANG_WARN_OBJC_IMPLICIT_RETAIN_SELF = YES;
				CLANG_WARN_OBJC_LITERAL_CONVERSION = YES;
				CLANG_WARN_OBJC_ROOT_CLASS = YES_ERROR;
				CLANG_WARN_QUOTED_INCLUDE_IN_FRAMEWORK_HEADER = YES;
				CLANG_WARN_RANGE_LOOP_ANALYSIS = YES;
				CLANG_WARN_STRICT_PROTOTYPES = YES;
				CLANG_WARN_SUSPICIOUS_MOVE = YES;
				CLANG_WARN_UNGUARDED_AVAILABILITY = YES_AGGRESSIVE;
				CLANG_WARN_UNREACHABLE_CODE = YES;
				CLANG_WARN__DUPLICATE_METHOD_MATCH = YES;
				COPY_PHASE_STRIP = NO;
				DEBUG_INFORMATION_FORMAT = dwarf;
				ENABLE_STRICT_OBJC_MSGSEND = YES;
				ENABLE_TESTABILITY = YES;
				GCC_C_LANGUAGE_STANDARD = gnu11;
				GCC_DYNAMIC_NO_PIC = NO;
				GCC_NO_COMMON_BLOCKS = YES;
				GCC_OPTIMIZATION_LEVEL = 0;
				GCC_PREPROCESSOR_DEFINITIONS = (
					"DEBUG=1",
					"$(inherited)",
				);
				GCC_WARN_64_TO_32_BIT_CONVERSION = YES;
				GCC_WARN_ABOUT_RETURN_TYPE = YES_ERROR;
				GCC_WARN_UNDECLARED_SELECTOR = YES;
				GCC_WARN_UNINITIALIZED_AUTOS = YES_AGGRESSIVE;
				GCC_WARN_UNUSED_FUNCTION = YES;
				GCC_WARN_UNUSED_VARIABLE = YES;
				IPHONEOS_DEPLOYMENT_TARGET = 16.4;
				MTL_ENABLE_DEBUG_INFO = INCLUDE_SOURCE;
				MTL_FAST_MATH = YES;
				ONLY_ACTIVE_ARCH = YES;
				SDKROOT = iphoneos;
				SWIFT_ACTIVE_COMPILATION_CONDITIONS = DEBUG;
				SWIFT_OPTIMIZATION_LEVEL = "-Onone";
			};
			name = Debug;
		};
		9EC710642AA7FFFD00983DE7 /* Release */ = {
			isa = XCBuildConfiguration;
			buildSettings = {
				ALWAYS_SEARCH_USER_PATHS = NO;
				CLANG_ANALYZER_NONNULL = YES;
				CLANG_ANALYZER_NUMBER_OBJECT_CONVERSION = YES_AGGRESSIVE;
				CLANG_CXX_LANGUAGE_STANDARD = "gnu++20";
				CLANG_ENABLE_MODULES = YES;
				CLANG_ENABLE_OBJC_ARC = YES;
				CLANG_ENABLE_OBJC_WEAK = YES;
				CLANG_WARN_BLOCK_CAPTURE_AUTORELEASING = YES;
				CLANG_WARN_BOOL_CONVERSION = YES;
				CLANG_WARN_COMMA = YES;
				CLANG_WARN_CONSTANT_CONVERSION = YES;
				CLANG_WARN_DEPRECATED_OBJC_IMPLEMENTATIONS = YES;
				CLANG_WARN_DIRECT_OBJC_ISA_USAGE = YES_ERROR;
				CLANG_WARN_DOCUMENTATION_COMMENTS = YES;
				CLANG_WARN_EMPTY_BODY = YES;
				CLANG_WARN_ENUM_CONVERSION = YES;
				CLANG_WARN_INFINITE_RECURSION = YES;
				CLANG_WARN_INT_CONVERSION = YES;
				CLANG_WARN_NON_LITERAL_NULL_CONVERSION = YES;
				CLANG_WARN_OBJC_IMPLICIT_RETAIN_SELF = YES;
				CLANG_WARN_OBJC_LITERAL_CONVERSION = YES;
				CLANG_WARN_OBJC_ROOT_CLASS = YES_ERROR;
				CLANG_WARN_QUOTED_INCLUDE_IN_FRAMEWORK_HEADER = YES;
				CLANG_WARN_RANGE_LOOP_ANALYSIS = YES;
				CLANG_WARN_STRICT_PROTOTYPES = YES;
				CLANG_WARN_SUSPICIOUS_MOVE = YES;
				CLANG_WARN_UNGUARDED_AVAILABILITY = YES_AGGRESSIVE;
				CLANG_WARN_UNREACHABLE_CODE = YES;
				CLANG_WARN__DUPLICATE_METHOD_MATCH = YES;
				COPY_PHASE_STRIP = NO;
				DEBUG_INFORMATION_FORMAT = "dwarf-with-dsym";
				ENABLE_NS_ASSERTIONS = NO;
				ENABLE_STRICT_OBJC_MSGSEND = YES;
				GCC_C_LANGUAGE_STANDARD = gnu11;
				GCC_NO_COMMON_BLOCKS = YES;
				GCC_WARN_64_TO_32_BIT_CONVERSION = YES;
				GCC_WARN_ABOUT_RETURN_TYPE = YES_ERROR;
				GCC_WARN_UNDECLARED_SELECTOR = YES;
				GCC_WARN_UNINITIALIZED_AUTOS = YES_AGGRESSIVE;
				GCC_WARN_UNUSED_FUNCTION = YES;
				GCC_WARN_UNUSED_VARIABLE = YES;
				IPHONEOS_DEPLOYMENT_TARGET = 16.4;
				MTL_ENABLE_DEBUG_INFO = NO;
				MTL_FAST_MATH = YES;
				SDKROOT = iphoneos;
				SWIFT_COMPILATION_MODE = wholemodule;
				SWIFT_OPTIMIZATION_LEVEL = "-O";
				VALIDATE_PRODUCT = YES;
			};
			name = Release;
		};
		9EC710662AA7FFFD00983DE7 /* Debug */ = {
			isa = XCBuildConfiguration;
			buildSettings = {
				ASSETCATALOG_COMPILER_APPICON_NAME = AppIcon;
				ASSETCATALOG_COMPILER_GLOBAL_ACCENT_COLOR_NAME = AccentColor;
				CODE_SIGN_STYLE = Automatic;
				CURRENT_PROJECT_VERSION = 1;
				DEVELOPMENT_TEAM = 9QDXF859Y3;
				GENERATE_INFOPLIST_FILE = YES;
				INFOPLIST_FILE = "Patrones de diseño/Info.plist";
				INFOPLIST_KEY_UIApplicationSupportsIndirectInputEvents = YES;
				INFOPLIST_KEY_UILaunchStoryboardName = LaunchScreen;
				INFOPLIST_KEY_UIMainStoryboardFile = Main;
				INFOPLIST_KEY_UISupportedInterfaceOrientations_iPad = "UIInterfaceOrientationPortrait UIInterfaceOrientationPortraitUpsideDown UIInterfaceOrientationLandscapeLeft UIInterfaceOrientationLandscapeRight";
				INFOPLIST_KEY_UISupportedInterfaceOrientations_iPhone = "UIInterfaceOrientationPortrait UIInterfaceOrientationLandscapeLeft UIInterfaceOrientationLandscapeRight";
				LD_RUNPATH_SEARCH_PATHS = (
					"$(inherited)",
					"@executable_path/Frameworks",
				);
				MARKETING_VERSION = 1.0;
				PRODUCT_BUNDLE_IDENTIFIER = "betu.Patrones-de-disen-o";
				PRODUCT_NAME = "$(TARGET_NAME)";
				SWIFT_EMIT_LOC_STRINGS = YES;
				SWIFT_VERSION = 5.0;
				TARGETED_DEVICE_FAMILY = "1,2";
			};
			name = Debug;
		};
		9EC710672AA7FFFD00983DE7 /* Release */ = {
			isa = XCBuildConfiguration;
			buildSettings = {
				ASSETCATALOG_COMPILER_APPICON_NAME = AppIcon;
				ASSETCATALOG_COMPILER_GLOBAL_ACCENT_COLOR_NAME = AccentColor;
				CODE_SIGN_STYLE = Automatic;
				CURRENT_PROJECT_VERSION = 1;
				DEVELOPMENT_TEAM = 9QDXF859Y3;
				GENERATE_INFOPLIST_FILE = YES;
				INFOPLIST_FILE = "Patrones de diseño/Info.plist";
				INFOPLIST_KEY_UIApplicationSupportsIndirectInputEvents = YES;
				INFOPLIST_KEY_UILaunchStoryboardName = LaunchScreen;
				INFOPLIST_KEY_UIMainStoryboardFile = Main;
				INFOPLIST_KEY_UISupportedInterfaceOrientations_iPad = "UIInterfaceOrientationPortrait UIInterfaceOrientationPortraitUpsideDown UIInterfaceOrientationLandscapeLeft UIInterfaceOrientationLandscapeRight";
				INFOPLIST_KEY_UISupportedInterfaceOrientations_iPhone = "UIInterfaceOrientationPortrait UIInterfaceOrientationLandscapeLeft UIInterfaceOrientationLandscapeRight";
				LD_RUNPATH_SEARCH_PATHS = (
					"$(inherited)",
					"@executable_path/Frameworks",
				);
				MARKETING_VERSION = 1.0;
				PRODUCT_BUNDLE_IDENTIFIER = "betu.Patrones-de-disen-o";
				PRODUCT_NAME = "$(TARGET_NAME)";
				SWIFT_EMIT_LOC_STRINGS = YES;
				SWIFT_VERSION = 5.0;
				TARGETED_DEVICE_FAMILY = "1,2";
			};
			name = Release;
		};
/* End XCBuildConfiguration section */

/* Begin XCConfigurationList section */
		9EC7104C2AA7FFFB00983DE7 /* Build configuration list for PBXProject "Patrones de diseño" */ = {
			isa = XCConfigurationList;
			buildConfigurations = (
				9EC710632AA7FFFD00983DE7 /* Debug */,
				9EC710642AA7FFFD00983DE7 /* Release */,
			);
			defaultConfigurationIsVisible = 0;
			defaultConfigurationName = Release;
		};
		9EC710652AA7FFFD00983DE7 /* Build configuration list for PBXNativeTarget "Patrones de diseño" */ = {
			isa = XCConfigurationList;
			buildConfigurations = (
				9EC710662AA7FFFD00983DE7 /* Debug */,
				9EC710672AA7FFFD00983DE7 /* Release */,
			);
			defaultConfigurationIsVisible = 0;
			defaultConfigurationName = Release;
		};
/* End XCConfigurationList section */
	};
	rootObject = 9EC710492AA7FFFB00983DE7 /* Project object */;
}
