// !$*UTF8*$!
{
	archiveVersion = 1;
	classes = {
	};
	objectVersion = 56;
	objects = {

/* Begin PBXBuildFile section */
		9E5CE3142ABC084200425AFD /* FactoryMethodViewController.swift in Sources */ = {isa = PBXBuildFile; fileRef = 9E5CE3132ABC084200425AFD /* FactoryMethodViewController.swift */; };
		9EC710552AA7FFFB00983DE7 /* AppDelegate.swift in Sources */ = {isa = PBXBuildFile; fileRef = 9EC710542AA7FFFB00983DE7 /* AppDelegate.swift */; };
		9EC710572AA7FFFB00983DE7 /* SceneDelegate.swift in Sources */ = {isa = PBXBuildFile; fileRef = 9EC710562AA7FFFB00983DE7 /* SceneDelegate.swift */; };
		9EC710592AA7FFFB00983DE7 /* ViewController.swift in Sources */ = {isa = PBXBuildFile; fileRef = 9EC710582AA7FFFB00983DE7 /* ViewController.swift */; };
		9EC7105C2AA7FFFB00983DE7 /* Main.storyboard in Resources */ = {isa = PBXBuildFile; fileRef = 9EC7105A2AA7FFFB00983DE7 /* Main.storyboard */; };
		9EC7105E2AA7FFFD00983DE7 /* Assets.xcassets in Resources */ = {isa = PBXBuildFile; fileRef = 9EC7105D2AA7FFFD00983DE7 /* Assets.xcassets */; };
		9EC710612AA7FFFD00983DE7 /* LaunchScreen.storyboard in Resources */ = {isa = PBXBuildFile; fileRef = 9EC7105F2AA7FFFD00983DE7 /* LaunchScreen.storyboard */; };
		9EC7106B2AA815CD00983DE7 /* Payment.swift in Sources */ = {isa = PBXBuildFile; fileRef = 9EC7106A2AA815CD00983DE7 /* Payment.swift */; };
		9EC7106D2AA8160100983DE7 /* GooglePayment.swift in Sources */ = {isa = PBXBuildFile; fileRef = 9EC7106C2AA8160100983DE7 /* GooglePayment.swift */; };
		9EC7106F2AA8163B00983DE7 /* CardPayment.swift in Sources */ = {isa = PBXBuildFile; fileRef = 9EC7106E2AA8163B00983DE7 /* CardPayment.swift */; };
		9EC710732AA816B600983DE7 /* TypePayment.swift in Sources */ = {isa = PBXBuildFile; fileRef = 9EC710722AA816B600983DE7 /* TypePayment.swift */; };
		9EC710752AA8175600983DE7 /* PaymentFactory.swift in Sources */ = {isa = PBXBuildFile; fileRef = 9EC710742AA8175600983DE7 /* PaymentFactory.swift */; };
		9EC710772AA81AFD00983DE7 /* Nota Factory Method.swift in Sources */ = {isa = PBXBuildFile; fileRef = 9EC710762AA81AFD00983DE7 /* Nota Factory Method.swift */; };
		9ECB06E02ABC0EF2000BA354 /* CreationalViewController.swift in Sources */ = {isa = PBXBuildFile; fileRef = 9ECB06DF2ABC0EF2000BA354 /* CreationalViewController.swift */; };
		9ECB06E22ABC0F0D000BA354 /* Creational.storyboard in Resources */ = {isa = PBXBuildFile; fileRef = 9ECB06E12ABC0F0D000BA354 /* Creational.storyboard */; };
		9ECB06E52ABC0FC9000BA354 /* FactoryMethod.storyboard in Resources */ = {isa = PBXBuildFile; fileRef = 9ECB06E42ABC0FC9000BA354 /* FactoryMethod.storyboard */; };
		9ECB06E82ABC1459000BA354 /* CardUIView.swift in Sources */ = {isa = PBXBuildFile; fileRef = 9ECB06E72ABC1459000BA354 /* CardUIView.swift */; };
		9ECB06EB2ABCDA4C000BA354 /* CeldaCreacionalCollectionViewCell.swift in Sources */ = {isa = PBXBuildFile; fileRef = 9ECB06EA2ABCDA4C000BA354 /* CeldaCreacionalCollectionViewCell.swift */; };
		9ECB06EE2ABCED0C000BA354 /* ModelCreacional.swift in Sources */ = {isa = PBXBuildFile; fileRef = 9ECB06ED2ABCED0C000BA354 /* ModelCreacional.swift */; };
		9ECB06F12ABCEEC9000BA354 /* ViewModel.swift in Sources */ = {isa = PBXBuildFile; fileRef = 9ECB06F02ABCEEC9000BA354 /* ViewModel.swift */; };
/* End PBXBuildFile section */

/* Begin PBXFileReference section */
		9E5CE3132ABC084200425AFD /* FactoryMethodViewController.swift */ = {isa = PBXFileReference; lastKnownFileType = sourcecode.swift; path = FactoryMethodViewController.swift; sourceTree = "<group>"; };
		9EC710512AA7FFFB00983DE7 /* Patrones de diseño.app */ = {isa = PBXFileReference; explicitFileType = wrapper.application; includeInIndex = 0; path = "Patrones de diseño.app"; sourceTree = BUILT_PRODUCTS_DIR; };
		9EC710542AA7FFFB00983DE7 /* AppDelegate.swift */ = {isa = PBXFileReference; lastKnownFileType = sourcecode.swift; path = AppDelegate.swift; sourceTree = "<group>"; };
		9EC710562AA7FFFB00983DE7 /* SceneDelegate.swift */ = {isa = PBXFileReference; lastKnownFileType = sourcecode.swift; path = SceneDelegate.swift; sourceTree = "<group>"; };
		9EC710582AA7FFFB00983DE7 /* ViewController.swift */ = {isa = PBXFileReference; lastKnownFileType = sourcecode.swift; path = ViewController.swift; sourceTree = "<group>"; };
		9EC7105B2AA7FFFB00983DE7 /* Base */ = {isa = PBXFileReference; lastKnownFileType = file.storyboard; name = Base; path = Base.lproj/Main.storyboard; sourceTree = "<group>"; };
		9EC7105D2AA7FFFD00983DE7 /* Assets.xcassets */ = {isa = PBXFileReference; lastKnownFileType = folder.assetcatalog; path = Assets.xcassets; sourceTree = "<group>"; };
		9EC710602AA7FFFD00983DE7 /* Base */ = {isa = PBXFileReference; lastKnownFileType = file.storyboard; name = Base; path = Base.lproj/LaunchScreen.storyboard; sourceTree = "<group>"; };
		9EC710622AA7FFFD00983DE7 /* Info.plist */ = {isa = PBXFileReference; lastKnownFileType = text.plist.xml; path = Info.plist; sourceTree = "<group>"; };
		9EC7106A2AA815CD00983DE7 /* Payment.swift */ = {isa = PBXFileReference; lastKnownFileType = sourcecode.swift; path = Payment.swift; sourceTree = "<group>"; };
		9EC7106C2AA8160100983DE7 /* GooglePayment.swift */ = {isa = PBXFileReference; lastKnownFileType = sourcecode.swift; path = GooglePayment.swift; sourceTree = "<group>"; };
		9EC7106E2AA8163B00983DE7 /* CardPayment.swift */ = {isa = PBXFileReference; lastKnownFileType = sourcecode.swift; path = CardPayment.swift; sourceTree = "<group>"; };
		9EC710722AA816B600983DE7 /* TypePayment.swift */ = {isa = PBXFileReference; lastKnownFileType = sourcecode.swift; path = TypePayment.swift; sourceTree = "<group>"; };
		9EC710742AA8175600983DE7 /* PaymentFactory.swift */ = {isa = PBXFileReference; lastKnownFileType = sourcecode.swift; path = PaymentFactory.swift; sourceTree = "<group>"; };
		9EC710762AA81AFD00983DE7 /* Nota Factory Method.swift */ = {isa = PBXFileReference; lastKnownFileType = sourcecode.swift; path = "Nota Factory Method.swift"; sourceTree = "<group>"; };
		9ECB06DF2ABC0EF2000BA354 /* CreationalViewController.swift */ = {isa = PBXFileReference; lastKnownFileType = sourcecode.swift; path = CreationalViewController.swift; sourceTree = "<group>"; };
		9ECB06E12ABC0F0D000BA354 /* Creational.storyboard */ = {isa = PBXFileReference; lastKnownFileType = file.storyboard; path = Creational.storyboard; sourceTree = "<group>"; };
		9ECB06E42ABC0FC9000BA354 /* FactoryMethod.storyboard */ = {isa = PBXFileReference; lastKnownFileType = file.storyboard; path = FactoryMethod.storyboard; sourceTree = "<group>"; };
		9ECB06E72ABC1459000BA354 /* CardUIView.swift */ = {isa = PBXFileReference; lastKnownFileType = sourcecode.swift; path = CardUIView.swift; sourceTree = "<group>"; };
		9ECB06EA2ABCDA4C000BA354 /* CeldaCreacionalCollectionViewCell.swift */ = {isa = PBXFileReference; lastKnownFileType = sourcecode.swift; path = CeldaCreacionalCollectionViewCell.swift; sourceTree = "<group>"; };
		9ECB06ED2ABCED0C000BA354 /* ModelCreacional.swift */ = {isa = PBXFileReference; lastKnownFileType = sourcecode.swift; path = ModelCreacional.swift; sourceTree = "<group>"; };
		9ECB06F02ABCEEC9000BA354 /* ViewModel.swift */ = {isa = PBXFileReference; lastKnownFileType = sourcecode.swift; path = ViewModel.swift; sourceTree = "<group>"; };
/* End PBXFileReference section */

/* Begin PBXFrameworksBuildPhase section */
		9EC7104E2AA7FFFB00983DE7 /* Frameworks */ = {
			isa = PBXFrameworksBuildPhase;
			buildActionMask = 2147483647;
			files = (
			);
			runOnlyForDeploymentPostprocessing = 0;
		};
/* End PBXFrameworksBuildPhase section */

/* Begin PBXGroup section */
		9E5CE30E2ABC07D100425AFD /* View */ = {
			isa = PBXGroup;
			children = (
				9E5CE3102ABC07FC00425AFD /* Creational */,
			);
			path = View;
			sourceTree = "<group>";
		};
		9E5CE30F2ABC07E800425AFD /* View Factory Method */ = {
			isa = PBXGroup;
			children = (
				9E5CE3132ABC084200425AFD /* FactoryMethodViewController.swift */,
				9ECB06E42ABC0FC9000BA354 /* FactoryMethod.storyboard */,
			);
			path = "View Factory Method";
			sourceTree = "<group>";
		};
		9E5CE3102ABC07FC00425AFD /* Creational */ = {
			isa = PBXGroup;
			children = (
				9ECB06E32ABC0F3E000BA354 /* Views */,
				9ECB06DF2ABC0EF2000BA354 /* CreationalViewController.swift */,
				9ECB06EA2ABCDA4C000BA354 /* CeldaCreacionalCollectionViewCell.swift */,
				9ECB06E12ABC0F0D000BA354 /* Creational.storyboard */,
			);
			path = Creational;
			sourceTree = "<group>";
		};
		9EC710482AA7FFFB00983DE7 = {
			isa = PBXGroup;
			children = (
				9EC710532AA7FFFB00983DE7 /* Patrones de diseño */,
				9EC710522AA7FFFB00983DE7 /* Products */,
			);
			sourceTree = "<group>";
		};
		9EC710522AA7FFFB00983DE7 /* Products */ = {
			isa = PBXGroup;
			children = (
				9EC710512AA7FFFB00983DE7 /* Patrones de diseño.app */,
			);
			name = Products;
			sourceTree = "<group>";
		};
		9EC710532AA7FFFB00983DE7 /* Patrones de diseño */ = {
			isa = PBXGroup;
			children = (
				9EC710682AA8150E00983DE7 /* Creational */,
				9ECB06E62ABC1433000BA354 /* Helpers */,
				9E5CE30E2ABC07D100425AFD /* View */,
				9ECB06EC2ABCED00000BA354 /* Model */,
				9EC710542AA7FFFB00983DE7 /* AppDelegate.swift */,
				9EC710562AA7FFFB00983DE7 /* SceneDelegate.swift */,
				9ECB06EF2ABCEEBC000BA354 /* ViewModel */,
				9EC710582AA7FFFB00983DE7 /* ViewController.swift */,
				9EC7105A2AA7FFFB00983DE7 /* Main.storyboard */,
				9EC7105D2AA7FFFD00983DE7 /* Assets.xcassets */,
				9EC7105F2AA7FFFD00983DE7 /* LaunchScreen.storyboard */,
				9EC710622AA7FFFD00983DE7 /* Info.plist */,
			);
			path = "Patrones de diseño";
			sourceTree = "<group>";
		};
		9EC710682AA8150E00983DE7 /* Creational */ = {
			isa = PBXGroup;
			children = (
				9EC710692AA8152400983DE7 /* Factory Method */,
			);
			path = Creational;
			sourceTree = "<group>";
		};
		9EC710692AA8152400983DE7 /* Factory Method */ = {
			isa = PBXGroup;
			children = (
				9EC710762AA81AFD00983DE7 /* Nota Factory Method.swift */,
				9EC710792AA81C4300983DE7 /* Product */,
				9EC710782AA81C2200983DE7 /* ConcreteProduct */,
				9EC7107A2AA81D3C00983DE7 /* Creator */,
				9EC710722AA816B600983DE7 /* TypePayment.swift */,
			);
			path = "Factory Method";
			sourceTree = "<group>";
		};
		9EC710782AA81C2200983DE7 /* ConcreteProduct */ = {
			isa = PBXGroup;
			children = (
				9EC7106E2AA8163B00983DE7 /* CardPayment.swift */,
				9EC7106C2AA8160100983DE7 /* GooglePayment.swift */,
			);
			path = ConcreteProduct;
			sourceTree = "<group>";
		};
		9EC710792AA81C4300983DE7 /* Product */ = {
			isa = PBXGroup;
			children = (
				9EC7106A2AA815CD00983DE7 /* Payment.swift */,
			);
			path = Product;
			sourceTree = "<group>";
		};
		9EC7107A2AA81D3C00983DE7 /* Creator */ = {
			isa = PBXGroup;
			children = (
				9EC710742AA8175600983DE7 /* PaymentFactory.swift */,
			);
			path = Creator;
			sourceTree = "<group>";
		};
		9ECB06E32ABC0F3E000BA354 /* Views */ = {
			isa = PBXGroup;
			children = (
				9E5CE30F2ABC07E800425AFD /* View Factory Method */,
			);
			path = Views;
			sourceTree = "<group>";
		};
		9ECB06E62ABC1433000BA354 /* Helpers */ = {
			isa = PBXGroup;
			children = (
				9ECB06E72ABC1459000BA354 /* CardUIView.swift */,
			);
			path = Helpers;
			sourceTree = "<group>";
		};
		9ECB06EC2ABCED00000BA354 /* Model */ = {
			isa = PBXGroup;
			children = (
				9ECB06ED2ABCED0C000BA354 /* ModelCreacional.swift */,
			);
			path = Model;
			sourceTree = "<group>";
		};
		9ECB06EF2ABCEEBC000BA354 /* ViewModel */ = {
			isa = PBXGroup;
			children = (
				9ECB06F02ABCEEC9000BA354 /* ViewModel.swift */,
			);
			path = ViewModel;
			sourceTree = "<group>";
		};
/* End PBXGroup section */

/* Begin PBXNativeTarget section */
		9EC710502AA7FFFB00983DE7 /* Patrones de diseño */ = {
			isa = PBXNativeTarget;
			buildConfigurationList = 9EC710652AA7FFFD00983DE7 /* Build configuration list for PBXNativeTarget "Patrones de diseño" */;
			buildPhases = (
				9EC7104D2AA7FFFB00983DE7 /* Sources */,
				9EC7104E2AA7FFFB00983DE7 /* Frameworks */,
				9EC7104F2AA7FFFB00983DE7 /* Resources */,
			);
			buildRules = (
			);
			dependencies = (
			);
			name = "Patrones de diseño";
			productName = "Patrones de diseño";
			productReference = 9EC710512AA7FFFB00983DE7 /* Patrones de diseño.app */;
			productType = "com.apple.product-type.application";
		};
/* End PBXNativeTarget section */

/* Begin PBXProject section */
		9EC710492AA7FFFB00983DE7 /* Project object */ = {
			isa = PBXProject;
			attributes = {
				BuildIndependentTargetsInParallel = 1;
				LastSwiftUpdateCheck = 1430;
				LastUpgradeCheck = 1430;
				TargetAttributes = {
					9EC710502AA7FFFB00983DE7 = {
						CreatedOnToolsVersion = 14.3.1;
					};
				};
			};
			buildConfigurationList = 9EC7104C2AA7FFFB00983DE7 /* Build configuration list for PBXProject "Patrones de diseño" */;
			compatibilityVersion = "Xcode 14.0";
			developmentRegion = en;
			hasScannedForEncodings = 0;
			knownRegions = (
				en,
				Base,
			);
			mainGroup = 9EC710482AA7FFFB00983DE7;
			productRefGroup = 9EC710522AA7FFFB00983DE7 /* Products */;
			projectDirPath = "";
			projectRoot = "";
			targets = (
				9EC710502AA7FFFB00983DE7 /* Patrones de diseño */,
			);
		};
/* End PBXProject section */

/* Begin PBXResourcesBuildPhase section */
		9EC7104F2AA7FFFB00983DE7 /* Resources */ = {
			isa = PBXResourcesBuildPhase;
			buildActionMask = 2147483647;
			files = (
				9EC710612AA7FFFD00983DE7 /* LaunchScreen.storyboard in Resources */,
				9EC7105E2AA7FFFD00983DE7 /* Assets.xcassets in Resources */,
				9EC7105C2AA7FFFB00983DE7 /* Main.storyboard in Resources */,
				9ECB06E52ABC0FC9000BA354 /* FactoryMethod.storyboard in Resources */,
				9ECB06E22ABC0F0D000BA354 /* Creational.storyboard in Resources */,
			);
			runOnlyForDeploymentPostprocessing = 0;
		};
/* End PBXResourcesBuildPhase section */

/* Begin PBXSourcesBuildPhase section */
		9EC7104D2AA7FFFB00983DE7 /* Sources */ = {
			isa = PBXSourcesBuildPhase;
			buildActionMask = 2147483647;
			files = (
				9EC710592AA7FFFB00983DE7 /* ViewController.swift in Sources */,
				9EC710552AA7FFFB00983DE7 /* AppDelegate.swift in Sources */,
				9ECB06EB2ABCDA4C000BA354 /* CeldaCreacionalCollectionViewCell.swift in Sources */,
				9ECB06E82ABC1459000BA354 /* CardUIView.swift in Sources */,
				9EC710732AA816B600983DE7 /* TypePayment.swift in Sources */,
				9EC7106F2AA8163B00983DE7 /* CardPayment.swift in Sources */,
				9ECB06E02ABC0EF2000BA354 /* CreationalViewController.swift in Sources */,
				9E5CE3142ABC084200425AFD /* FactoryMethodViewController.swift in Sources */,
				9EC710772AA81AFD00983DE7 /* Nota Factory Method.swift in Sources */,
				9ECB06EE2ABCED0C000BA354 /* ModelCreacional.swift in Sources */,
				9ECB06F12ABCEEC9000BA354 /* ViewModel.swift in Sources */,
				9EC7106D2AA8160100983DE7 /* GooglePayment.swift in Sources */,
				9EC710752AA8175600983DE7 /* PaymentFactory.swift in Sources */,
				9EC7106B2AA815CD00983DE7 /* Payment.swift in Sources */,
				9EC710572AA7FFFB00983DE7 /* SceneDelegate.swift in Sources */,
			);
			runOnlyForDeploymentPostprocessing = 0;
		};
/* End PBXSourcesBuildPhase section */

/* Begin PBXVariantGroup section */
		9EC7105A2AA7FFFB00983DE7 /* Main.storyboard */ = {
			isa = PBXVariantGroup;
			children = (
				9EC7105B2AA7FFFB00983DE7 /* Base */,
			);
			name = Main.storyboard;
			sourceTree = "<group>";
		};
		9EC7105F2AA7FFFD00983DE7 /* LaunchScreen.storyboard */ = {
			isa = PBXVariantGroup;
			children = (
				9EC710602AA7FFFD00983DE7 /* Base */,
			);
			name = LaunchScreen.storyboard;
			sourceTree = "<group>";
		};
/* End PBXVariantGroup section */

/* Begin XCBuildConfiguration section */
		9EC710632AA7FFFD00983DE7 /* Debug */ = {
			isa = XCBuildConfiguration;
			buildSettings = {
				ALWAYS_SEARCH_USER_PATHS = NO;
				CLANG_ANALYZER_NONNULL = YES;
				CLANG_ANALYZER_NUMBER_OBJECT_CONVERSION = YES_AGGRESSIVE;
				CLANG_CXX_LANGUAGE_STANDARD = "gnu++20";
				CLANG_ENABLE_MODULES = YES;
				CLANG_ENABLE_OBJC_ARC = YES;
				CLANG_ENABLE_OBJC_WEAK = YES;
				CLANG_WARN_BLOCK_CAPTURE_AUTORELEASING = YES;
				CLANG_WARN_BOOL_CONVERSION = YES;
				CLANG_WARN_COMMA = YES;
				CLANG_WARN_CONSTANT_CONVERSION = YES;
				CLANG_WARN_DEPRECATED_OBJC_IMPLEMENTATIONS = YES;
				CLANG_WARN_DIRECT_OBJC_ISA_USAGE = YES_ERROR;
				CLANG_WARN_DOCUMENTATION_COMMENTS = YES;
				CLANG_WARN_EMPTY_BODY = YES;
				CLANG_WARN_ENUM_CONVERSION = YES;
				CLANG_WARN_INFINITE_RECURSION = YES;
				CLANG_WARN_INT_CONVERSION = YES;
				CLANG_WARN_NON_LITERAL_NULL_CONVERSION = YES;
				CLANG_WARN_OBJC_IMPLICIT_RETAIN_SELF = YES;
				CLANG_WARN_OBJC_LITERAL_CONVERSION = YES;
				CLANG_WARN_OBJC_ROOT_CLASS = YES_ERROR;
				CLANG_WARN_QUOTED_INCLUDE_IN_FRAMEWORK_HEADER = YES;
				CLANG_WARN_RANGE_LOOP_ANALYSIS = YES;
				CLANG_WARN_STRICT_PROTOTYPES = YES;
				CLANG_WARN_SUSPICIOUS_MOVE = YES;
				CLANG_WARN_UNGUARDED_AVAILABILITY = YES_AGGRESSIVE;
				CLANG_WARN_UNREACHABLE_CODE = YES;
				CLANG_WARN__DUPLICATE_METHOD_MATCH = YES;
				COPY_PHASE_STRIP = NO;
				DEBUG_INFORMATION_FORMAT = dwarf;
				ENABLE_STRICT_OBJC_MSGSEND = YES;
				ENABLE_TESTABILITY = YES;
				GCC_C_LANGUAGE_STANDARD = gnu11;
				GCC_DYNAMIC_NO_PIC = NO;
				GCC_NO_COMMON_BLOCKS = YES;
				GCC_OPTIMIZATION_LEVEL = 0;
				GCC_PREPROCESSOR_DEFINITIONS = (
					"DEBUG=1",
					"$(inherited)",
				);
				GCC_WARN_64_TO_32_BIT_CONVERSION = YES;
				GCC_WARN_ABOUT_RETURN_TYPE = YES_ERROR;
				GCC_WARN_UNDECLARED_SELECTOR = YES;
				GCC_WARN_UNINITIALIZED_AUTOS = YES_AGGRESSIVE;
				GCC_WARN_UNUSED_FUNCTION = YES;
				GCC_WARN_UNUSED_VARIABLE = YES;
				IPHONEOS_DEPLOYMENT_TARGET = 16.4;
				MTL_ENABLE_DEBUG_INFO = INCLUDE_SOURCE;
				MTL_FAST_MATH = YES;
				ONLY_ACTIVE_ARCH = YES;
				SDKROOT = iphoneos;
				SWIFT_ACTIVE_COMPILATION_CONDITIONS = DEBUG;
				SWIFT_OPTIMIZATION_LEVEL = "-Onone";
			};
			name = Debug;
		};
		9EC710642AA7FFFD00983DE7 /* Release */ = {
			isa = XCBuildConfiguration;
			buildSettings = {
				ALWAYS_SEARCH_USER_PATHS = NO;
				CLANG_ANALYZER_NONNULL = YES;
				CLANG_ANALYZER_NUMBER_OBJECT_CONVERSION = YES_AGGRESSIVE;
				CLANG_CXX_LANGUAGE_STANDARD = "gnu++20";
				CLANG_ENABLE_MODULES = YES;
				CLANG_ENABLE_OBJC_ARC = YES;
				CLANG_ENABLE_OBJC_WEAK = YES;
				CLANG_WARN_BLOCK_CAPTURE_AUTORELEASING = YES;
				CLANG_WARN_BOOL_CONVERSION = YES;
				CLANG_WARN_COMMA = YES;
				CLANG_WARN_CONSTANT_CONVERSION = YES;
				CLANG_WARN_DEPRECATED_OBJC_IMPLEMENTATIONS = YES;
				CLANG_WARN_DIRECT_OBJC_ISA_USAGE = YES_ERROR;
				CLANG_WARN_DOCUMENTATION_COMMENTS = YES;
				CLANG_WARN_EMPTY_BODY = YES;
				CLANG_WARN_ENUM_CONVERSION = YES;
				CLANG_WARN_INFINITE_RECURSION = YES;
				CLANG_WARN_INT_CONVERSION = YES;
				CLANG_WARN_NON_LITERAL_NULL_CONVERSION = YES;
				CLANG_WARN_OBJC_IMPLICIT_RETAIN_SELF = YES;
				CLANG_WARN_OBJC_LITERAL_CONVERSION = YES;
				CLANG_WARN_OBJC_ROOT_CLASS = YES_ERROR;
				CLANG_WARN_QUOTED_INCLUDE_IN_FRAMEWORK_HEADER = YES;
				CLANG_WARN_RANGE_LOOP_ANALYSIS = YES;
				CLANG_WARN_STRICT_PROTOTYPES = YES;
				CLANG_WARN_SUSPICIOUS_MOVE = YES;
				CLANG_WARN_UNGUARDED_AVAILABILITY = YES_AGGRESSIVE;
				CLANG_WARN_UNREACHABLE_CODE = YES;
				CLANG_WARN__DUPLICATE_METHOD_MATCH = YES;
				COPY_PHASE_STRIP = NO;
				DEBUG_INFORMATION_FORMAT = "dwarf-with-dsym";
				ENABLE_NS_ASSERTIONS = NO;
				ENABLE_STRICT_OBJC_MSGSEND = YES;
				GCC_C_LANGUAGE_STANDARD = gnu11;
				GCC_NO_COMMON_BLOCKS = YES;
				GCC_WARN_64_TO_32_BIT_CONVERSION = YES;
				GCC_WARN_ABOUT_RETURN_TYPE = YES_ERROR;
				GCC_WARN_UNDECLARED_SELECTOR = YES;
				GCC_WARN_UNINITIALIZED_AUTOS = YES_AGGRESSIVE;
				GCC_WARN_UNUSED_FUNCTION = YES;
				GCC_WARN_UNUSED_VARIABLE = YES;
				IPHONEOS_DEPLOYMENT_TARGET = 16.4;
				MTL_ENABLE_DEBUG_INFO = NO;
				MTL_FAST_MATH = YES;
				SDKROOT = iphoneos;
				SWIFT_COMPILATION_MODE = wholemodule;
				SWIFT_OPTIMIZATION_LEVEL = "-O";
				VALIDATE_PRODUCT = YES;
			};
			name = Release;
		};
		9EC710662AA7FFFD00983DE7 /* Debug */ = {
			isa = XCBuildConfiguration;
			buildSettings = {
				ASSETCATALOG_COMPILER_APPICON_NAME = AppIcon;
				ASSETCATALOG_COMPILER_GLOBAL_ACCENT_COLOR_NAME = AccentColor;
				CODE_SIGN_STYLE = Automatic;
				CURRENT_PROJECT_VERSION = 1;
				DEVELOPMENT_TEAM = 9QDXF859Y3;
				GENERATE_INFOPLIST_FILE = YES;
				INFOPLIST_FILE = "Patrones de diseño/Info.plist";
				INFOPLIST_KEY_UIApplicationSupportsIndirectInputEvents = YES;
				INFOPLIST_KEY_UILaunchStoryboardName = LaunchScreen;
				INFOPLIST_KEY_UIMainStoryboardFile = Main;
				INFOPLIST_KEY_UISupportedInterfaceOrientations_iPad = "UIInterfaceOrientationPortrait UIInterfaceOrientationPortraitUpsideDown UIInterfaceOrientationLandscapeLeft UIInterfaceOrientationLandscapeRight";
				INFOPLIST_KEY_UISupportedInterfaceOrientations_iPhone = "UIInterfaceOrientationPortrait UIInterfaceOrientationLandscapeLeft UIInterfaceOrientationLandscapeRight";
				LD_RUNPATH_SEARCH_PATHS = (
					"$(inherited)",
					"@executable_path/Frameworks",
				);
				MARKETING_VERSION = 1.0;
				PRODUCT_BUNDLE_IDENTIFIER = "betu.Patrones-de-disen-o";
				PRODUCT_NAME = "$(TARGET_NAME)";
				SWIFT_EMIT_LOC_STRINGS = YES;
				SWIFT_VERSION = 5.0;
				TARGETED_DEVICE_FAMILY = "1,2";
			};
			name = Debug;
		};
		9EC710672AA7FFFD00983DE7 /* Release */ = {
			isa = XCBuildConfiguration;
			buildSettings = {
				ASSETCATALOG_COMPILER_APPICON_NAME = AppIcon;
				ASSETCATALOG_COMPILER_GLOBAL_ACCENT_COLOR_NAME = AccentColor;
				CODE_SIGN_STYLE = Automatic;
				CURRENT_PROJECT_VERSION = 1;
				DEVELOPMENT_TEAM = 9QDXF859Y3;
				GENERATE_INFOPLIST_FILE = YES;
				INFOPLIST_FILE = "Patrones de diseño/Info.plist";
				INFOPLIST_KEY_UIApplicationSupportsIndirectInputEvents = YES;
				INFOPLIST_KEY_UILaunchStoryboardName = LaunchScreen;
				INFOPLIST_KEY_UIMainStoryboardFile = Main;
				INFOPLIST_KEY_UISupportedInterfaceOrientations_iPad = "UIInterfaceOrientationPortrait UIInterfaceOrientationPortraitUpsideDown UIInterfaceOrientationLandscapeLeft UIInterfaceOrientationLandscapeRight";
				INFOPLIST_KEY_UISupportedInterfaceOrientations_iPhone = "UIInterfaceOrientationPortrait UIInterfaceOrientationLandscapeLeft UIInterfaceOrientationLandscapeRight";
				LD_RUNPATH_SEARCH_PATHS = (
					"$(inherited)",
					"@executable_path/Frameworks",
				);
				MARKETING_VERSION = 1.0;
				PRODUCT_BUNDLE_IDENTIFIER = "betu.Patrones-de-disen-o";
				PRODUCT_NAME = "$(TARGET_NAME)";
				SWIFT_EMIT_LOC_STRINGS = YES;
				SWIFT_VERSION = 5.0;
				TARGETED_DEVICE_FAMILY = "1,2";
			};
			name = Release;
		};
/* End XCBuildConfiguration section */

/* Begin XCConfigurationList section */
		9EC7104C2AA7FFFB00983DE7 /* Build configuration list for PBXProject "Patrones de diseño" */ = {
			isa = XCConfigurationList;
			buildConfigurations = (
				9EC710632AA7FFFD00983DE7 /* Debug */,
				9EC710642AA7FFFD00983DE7 /* Release */,
			);
			defaultConfigurationIsVisible = 0;
			defaultConfigurationName = Release;
		};
		9EC710652AA7FFFD00983DE7 /* Build configuration list for PBXNativeTarget "Patrones de diseño" */ = {
			isa = XCConfigurationList;
			buildConfigurations = (
				9EC710662AA7FFFD00983DE7 /* Debug */,
				9EC710672AA7FFFD00983DE7 /* Release */,
			);
			defaultConfigurationIsVisible = 0;
			defaultConfigurationName = Release;
		};
/* End XCConfigurationList section */
	};
	rootObject = 9EC710492AA7FFFB00983DE7 /* Project object */;
}
